// !$*UTF8*$!
{
	archiveVersion = 1;
	classes = {
	};
	objectVersion = 56;
	objects = {

/* Begin PBXBuildFile section */
		35D57E052D54789700430AAC /* Assets.xcassets in Resources */ = {isa = PBXBuildFile; fileRef = 35D57E042D54789700430AAC /* Assets.xcassets */; };
		35D57E082D54789700430AAC /* Preview Assets.xcassets in Resources */ = {isa = PBXBuildFile; fileRef = 35D57E072D54789700430AAC /* Preview Assets.xcassets */; };
		35D57E1D2D54790300430AAC /* TraceableObject.swift in Sources */ = {isa = PBXBuildFile; fileRef = 35D57E0F2D54790300430AAC /* TraceableObject.swift */; };
		35D57E1E2D54790300430AAC /* PhotosListViewModel.swift in Sources */ = {isa = PBXBuildFile; fileRef = 35D57E122D54790300430AAC /* PhotosListViewModel.swift */; };
		35D57E1F2D54790300430AAC /* ImageLoader.swift in Sources */ = {isa = PBXBuildFile; fileRef = 35D57E142D54790300430AAC /* ImageLoader.swift */; };
		35D57E202D54790300430AAC /* PhotoCell.swift in Sources */ = {isa = PBXBuildFile; fileRef = 35D57E152D54790300430AAC /* PhotoCell.swift */; };
		35D57E212D54790300430AAC /* PhotosListView.swift in Sources */ = {isa = PBXBuildFile; fileRef = 35D57E162D54790300430AAC /* PhotosListView.swift */; };
		35D57E222D54790300430AAC /* HomeView.swift in Sources */ = {isa = PBXBuildFile; fileRef = 35D57E182D54790300430AAC /* HomeView.swift */; };
		35D57E232D54790300430AAC /* Photo.swift in Sources */ = {isa = PBXBuildFile; fileRef = 35D57E1A2D54790300430AAC /* Photo.swift */; };
		35D57E242D54790300430AAC /* ContentView.swift in Sources */ = {isa = PBXBuildFile; fileRef = 35D57E1B2D54790300430AAC /* ContentView.swift */; };
		35D57E252D54790300430AAC /* ObservableLeaksApp.swift in Sources */ = {isa = PBXBuildFile; fileRef = 35D57E1C2D54790300430AAC /* ObservableLeaksApp.swift */; };
/* End PBXBuildFile section */

/* Begin PBXFileReference section */
		35D57DFD2D54789600430AAC /* ObservedObjectLeaks.app */ = {isa = PBXFileReference; explicitFileType = wrapper.application; includeInIndex = 0; path = ObservedObjectLeaks.app; sourceTree = BUILT_PRODUCTS_DIR; };
		35D57E042D54789700430AAC /* Assets.xcassets */ = {isa = PBXFileReference; lastKnownFileType = folder.assetcatalog; path = Assets.xcassets; sourceTree = "<group>"; };
		35D57E072D54789700430AAC /* Preview Assets.xcassets */ = {isa = PBXFileReference; lastKnownFileType = folder.assetcatalog; path = "Preview Assets.xcassets"; sourceTree = "<group>"; };
		35D57E0F2D54790300430AAC /* TraceableObject.swift */ = {isa = PBXFileReference; fileEncoding = 4; lastKnownFileType = sourcecode.swift; path = TraceableObject.swift; sourceTree = "<group>"; };
		35D57E122D54790300430AAC /* PhotosListViewModel.swift */ = {isa = PBXFileReference; fileEncoding = 4; lastKnownFileType = sourcecode.swift; path = PhotosListViewModel.swift; sourceTree = "<group>"; };
		35D57E142D54790300430AAC /* ImageLoader.swift */ = {isa = PBXFileReference; fileEncoding = 4; lastKnownFileType = sourcecode.swift; path = ImageLoader.swift; sourceTree = "<group>"; };
		35D57E152D54790300430AAC /* PhotoCell.swift */ = {isa = PBXFileReference; fileEncoding = 4; lastKnownFileType = sourcecode.swift; path = PhotoCell.swift; sourceTree = "<group>"; };
		35D57E162D54790300430AAC /* PhotosListView.swift */ = {isa = PBXFileReference; fileEncoding = 4; lastKnownFileType = sourcecode.swift; path = PhotosListView.swift; sourceTree = "<group>"; };
		35D57E182D54790300430AAC /* HomeView.swift */ = {isa = PBXFileReference; fileEncoding = 4; lastKnownFileType = sourcecode.swift; path = HomeView.swift; sourceTree = "<group>"; };
		35D57E1A2D54790300430AAC /* Photo.swift */ = {isa = PBXFileReference; fileEncoding = 4; lastKnownFileType = sourcecode.swift; path = Photo.swift; sourceTree = "<group>"; };
		35D57E1B2D54790300430AAC /* ContentView.swift */ = {isa = PBXFileReference; fileEncoding = 4; lastKnownFileType = sourcecode.swift; path = ContentView.swift; sourceTree = "<group>"; };
		35D57E1C2D54790300430AAC /* ObservableLeaksApp.swift */ = {isa = PBXFileReference; fileEncoding = 4; lastKnownFileType = sourcecode.swift; path = ObservableLeaksApp.swift; sourceTree = "<group>"; };
/* End PBXFileReference section */

/* Begin PBXFrameworksBuildPhase section */
		35D57DFA2D54789600430AAC /* Frameworks */ = {
			isa = PBXFrameworksBuildPhase;
			buildActionMask = 2147483647;
			files = (
			);
			runOnlyForDeploymentPostprocessing = 0;
		};
/* End PBXFrameworksBuildPhase section */

/* Begin PBXGroup section */
		35D57DF42D54789600430AAC = {
			isa = PBXGroup;
			children = (
				35D57DFF2D54789600430AAC /* ObservedObjectLeaks */,
				35D57DFE2D54789600430AAC /* Products */,
			);
			sourceTree = "<group>";
		};
		35D57DFE2D54789600430AAC /* Products */ = {
			isa = PBXGroup;
			children = (
				35D57DFD2D54789600430AAC /* ObservedObjectLeaks.app */,
			);
			name = Products;
			sourceTree = "<group>";
		};
		35D57DFF2D54789600430AAC /* ObservedObjectLeaks */ = {
			isa = PBXGroup;
			children = (
				35D57E102D54790300430AAC /* Scenes */,
				35D57E0E2D54790300430AAC /* Logging */,
				35D57E192D54790300430AAC /* Models */,
				35D57E1C2D54790300430AAC /* ObservableLeaksApp.swift */,
				35D57E1B2D54790300430AAC /* ContentView.swift */,
				35D57E042D54789700430AAC /* Assets.xcassets */,
				35D57E062D54789700430AAC /* Preview Content */,
			);
			path = ObservedObjectLeaks;
			sourceTree = "<group>";
		};
		35D57E062D54789700430AAC /* Preview Content */ = {
			isa = PBXGroup;
			children = (
				35D57E072D54789700430AAC /* Preview Assets.xcassets */,
			);
			path = "Preview Content";
			sourceTree = "<group>";
		};
		35D57E0E2D54790300430AAC /* Logging */ = {
			isa = PBXGroup;
			children = (
				35D57E0F2D54790300430AAC /* TraceableObject.swift */,
			);
			path = Logging;
			sourceTree = "<group>";
		};
		35D57E102D54790300430AAC /* Scenes */ = {
			isa = PBXGroup;
			children = (
				35D57E112D54790300430AAC /* PhotosListScene */,
				35D57E172D54790300430AAC /* HomeScene */,
			);
			path = Scenes;
			sourceTree = "<group>";
		};
		35D57E112D54790300430AAC /* PhotosListScene */ = {
			isa = PBXGroup;
			children = (
				35D57E122D54790300430AAC /* PhotosListViewModel.swift */,
				35D57E132D54790300430AAC /* CellView */,
				35D57E162D54790300430AAC /* PhotosListView.swift */,
			);
			path = PhotosListScene;
			sourceTree = "<group>";
		};
		35D57E132D54790300430AAC /* CellView */ = {
			isa = PBXGroup;
			children = (
				35D57E142D54790300430AAC /* ImageLoader.swift */,
				35D57E152D54790300430AAC /* PhotoCell.swift */,
			);
			path = CellView;
			sourceTree = "<group>";
		};
		35D57E172D54790300430AAC /* HomeScene */ = {
			isa = PBXGroup;
			children = (
				35D57E182D54790300430AAC /* HomeView.swift */,
			);
			path = HomeScene;
			sourceTree = "<group>";
		};
		35D57E192D54790300430AAC /* Models */ = {
			isa = PBXGroup;
			children = (
				35D57E1A2D54790300430AAC /* Photo.swift */,
			);
			path = Models;
			sourceTree = "<group>";
		};
/* End PBXGroup section */

/* Begin PBXNativeTarget section */
		35D57DFC2D54789600430AAC /* ObservedObjectLeaks */ = {
			isa = PBXNativeTarget;
			buildConfigurationList = 35D57E0B2D54789700430AAC /* Build configuration list for PBXNativeTarget "ObservedObjectLeaks" */;
			buildPhases = (
				35D57DF92D54789600430AAC /* Sources */,
				35D57DFA2D54789600430AAC /* Frameworks */,
				35D57DFB2D54789600430AAC /* Resources */,
			);
			buildRules = (
			);
			dependencies = (
			);
			name = ObservedObjectLeaks;
			productName = ObservedObjectLeaks;
			productReference = 35D57DFD2D54789600430AAC /* ObservedObjectLeaks.app */;
			productType = "com.apple.product-type.application";
		};
/* End PBXNativeTarget section */

/* Begin PBXProject section */
		35D57DF52D54789600430AAC /* Project object */ = {
			isa = PBXProject;
			attributes = {
				BuildIndependentTargetsInParallel = 1;
				LastSwiftUpdateCheck = 1520;
				LastUpgradeCheck = 1520;
				TargetAttributes = {
					35D57DFC2D54789600430AAC = {
						CreatedOnToolsVersion = 15.2;
						LastSwiftMigration = 1520;
					};
				};
			};
			buildConfigurationList = 35D57DF82D54789600430AAC /* Build configuration list for PBXProject "ObservedObjectLeaks" */;
			compatibilityVersion = "Xcode 14.0";
			developmentRegion = en;
			hasScannedForEncodings = 0;
			knownRegions = (
				en,
				Base,
			);
			mainGroup = 35D57DF42D54789600430AAC;
			productRefGroup = 35D57DFE2D54789600430AAC /* Products */;
			projectDirPath = "";
			projectRoot = "";
			targets = (
				35D57DFC2D54789600430AAC /* ObservedObjectLeaks */,
			);
		};
/* End PBXProject section */

/* Begin PBXResourcesBuildPhase section */
		35D57DFB2D54789600430AAC /* Resources */ = {
			isa = PBXResourcesBuildPhase;
			buildActionMask = 2147483647;
			files = (
				35D57E082D54789700430AAC /* Preview Assets.xcassets in Resources */,
				35D57E052D54789700430AAC /* Assets.xcassets in Resources */,
			);
			runOnlyForDeploymentPostprocessing = 0;
		};
/* End PBXResourcesBuildPhase section */

/* Begin PBXSourcesBuildPhase section */
		35D57DF92D54789600430AAC /* Sources */ = {
			isa = PBXSourcesBuildPhase;
			buildActionMask = 2147483647;
			files = (
				35D57E232D54790300430AAC /* Photo.swift in Sources */,
				35D57E252D54790300430AAC /* ObservableLeaksApp.swift in Sources */,
				35D57E202D54790300430AAC /* PhotoCell.swift in Sources */,
				35D57E242D54790300430AAC /* ContentView.swift in Sources */,
				35D57E1D2D54790300430AAC /* TraceableObject.swift in Sources */,
				35D57E212D54790300430AAC /* PhotosListView.swift in Sources */,
				35D57E222D54790300430AAC /* HomeView.swift in Sources */,
				35D57E1E2D54790300430AAC /* PhotosListViewModel.swift in Sources */,
				35D57E1F2D54790300430AAC /* ImageLoader.swift in Sources */,
			);
			runOnlyForDeploymentPostprocessing = 0;
		};
/* End PBXSourcesBuildPhase section */

/* Begin XCBuildConfiguration section */
		35D57E092D54789700430AAC /* Debug */ = {
			isa = XCBuildConfiguration;
			buildSettings = {
				ALWAYS_SEARCH_USER_PATHS = NO;
				ASSETCATALOG_COMPILER_GENERATE_SWIFT_ASSET_SYMBOL_EXTENSIONS = YES;
				CLANG_ANALYZER_NONNULL = YES;
				CLANG_ANALYZER_NUMBER_OBJECT_CONVERSION = YES_AGGRESSIVE;
				CLANG_CXX_LANGUAGE_STANDARD = "gnu++20";
				CLANG_ENABLE_MODULES = YES;
				CLANG_ENABLE_OBJC_ARC = YES;
				CLANG_ENABLE_OBJC_WEAK = YES;
				CLANG_WARN_BLOCK_CAPTURE_AUTORELEASING = YES;
				CLANG_WARN_BOOL_CONVERSION = YES;
				CLANG_WARN_COMMA = YES;
				CLANG_WARN_CONSTANT_CONVERSION = YES;
				CLANG_WARN_DEPRECATED_OBJC_IMPLEMENTATIONS = YES;
				CLANG_WARN_DIRECT_OBJC_ISA_USAGE = YES_ERROR;
				CLANG_WARN_DOCUMENTATION_COMMENTS = YES;
				CLANG_WARN_EMPTY_BODY = YES;
				CLANG_WARN_ENUM_CONVERSION = YES;
				CLANG_WARN_INFINITE_RECURSION = YES;
				CLANG_WARN_INT_CONVERSION = YES;
				CLANG_WARN_NON_LITERAL_NULL_CONVERSION = YES;
				CLANG_WARN_OBJC_IMPLICIT_RETAIN_SELF = YES;
				CLANG_WARN_OBJC_LITERAL_CONVERSION = YES;
				CLANG_WARN_OBJC_ROOT_CLASS = YES_ERROR;
				CLANG_WARN_QUOTED_INCLUDE_IN_FRAMEWORK_HEADER = YES;
				CLANG_WARN_RANGE_LOOP_ANALYSIS = YES;
				CLANG_WARN_STRICT_PROTOTYPES = YES;
				CLANG_WARN_SUSPICIOUS_MOVE = YES;
				CLANG_WARN_UNGUARDED_AVAILABILITY = YES_AGGRESSIVE;
				CLANG_WARN_UNREACHABLE_CODE = YES;
				CLANG_WARN__DUPLICATE_METHOD_MATCH = YES;
				COPY_PHASE_STRIP = NO;
				DEBUG_INFORMATION_FORMAT = dwarf;
				ENABLE_STRICT_OBJC_MSGSEND = YES;
				ENABLE_TESTABILITY = YES;
				ENABLE_USER_SCRIPT_SANDBOXING = YES;
				GCC_C_LANGUAGE_STANDARD = gnu17;
				GCC_DYNAMIC_NO_PIC = NO;
				GCC_NO_COMMON_BLOCKS = YES;
				GCC_OPTIMIZATION_LEVEL = 0;
				GCC_PREPROCESSOR_DEFINITIONS = (
					"DEBUG=1",
					"$(inherited)",
				);
				GCC_WARN_64_TO_32_BIT_CONVERSION = YES;
				GCC_WARN_ABOUT_RETURN_TYPE = YES_ERROR;
				GCC_WARN_UNDECLARED_SELECTOR = YES;
				GCC_WARN_UNINITIALIZED_AUTOS = YES_AGGRESSIVE;
				GCC_WARN_UNUSED_FUNCTION = YES;
				GCC_WARN_UNUSED_VARIABLE = YES;
				IPHONEOS_DEPLOYMENT_TARGET = 17.2;
				LOCALIZATION_PREFERS_STRING_CATALOGS = YES;
				MTL_ENABLE_DEBUG_INFO = INCLUDE_SOURCE;
				MTL_FAST_MATH = YES;
				ONLY_ACTIVE_ARCH = YES;
				SDKROOT = iphoneos;
				SWIFT_ACTIVE_COMPILATION_CONDITIONS = "DEBUG $(inherited)";
				SWIFT_OPTIMIZATION_LEVEL = "-Onone";
			};
			name = Debug;
		};
		35D57E0A2D54789700430AAC /* Release */ = {
			isa = XCBuildConfiguration;
			buildSettings = {
				ALWAYS_SEARCH_USER_PATHS = NO;
				ASSETCATALOG_COMPILER_GENERATE_SWIFT_ASSET_SYMBOL_EXTENSIONS = YES;
				CLANG_ANALYZER_NONNULL = YES;
				CLANG_ANALYZER_NUMBER_OBJECT_CONVERSION = YES_AGGRESSIVE;
				CLANG_CXX_LANGUAGE_STANDARD = "gnu++20";
				CLANG_ENABLE_MODULES = YES;
				CLANG_ENABLE_OBJC_ARC = YES;
				CLANG_ENABLE_OBJC_WEAK = YES;
				CLANG_WARN_BLOCK_CAPTURE_AUTORELEASING = YES;
				CLANG_WARN_BOOL_CONVERSION = YES;
				CLANG_WARN_COMMA = YES;
				CLANG_WARN_CONSTANT_CONVERSION = YES;
				CLANG_WARN_DEPRECATED_OBJC_IMPLEMENTATIONS = YES;
				CLANG_WARN_DIRECT_OBJC_ISA_USAGE = YES_ERROR;
				CLANG_WARN_DOCUMENTATION_COMMENTS = YES;
				CLANG_WARN_EMPTY_BODY = YES;
				CLANG_WARN_ENUM_CONVERSION = YES;
				CLANG_WARN_INFINITE_RECURSION = YES;
				CLANG_WARN_INT_CONVERSION = YES;
				CLANG_WARN_NON_LITERAL_NULL_CONVERSION = YES;
				CLANG_WARN_OBJC_IMPLICIT_RETAIN_SELF = YES;
				CLANG_WARN_OBJC_LITERAL_CONVERSION = YES;
				CLANG_WARN_OBJC_ROOT_CLASS = YES_ERROR;
				CLANG_WARN_QUOTED_INCLUDE_IN_FRAMEWORK_HEADER = YES;
				CLANG_WARN_RANGE_LOOP_ANALYSIS = YES;
				CLANG_WARN_STRICT_PROTOTYPES = YES;
				CLANG_WARN_SUSPICIOUS_MOVE = YES;
				CLANG_WARN_UNGUARDED_AVAILABILITY = YES_AGGRESSIVE;
				CLANG_WARN_UNREACHABLE_CODE = YES;
				CLANG_WARN__DUPLICATE_METHOD_MATCH = YES;
				COPY_PHASE_STRIP = NO;
				DEBUG_INFORMATION_FORMAT = "dwarf-with-dsym";
				ENABLE_NS_ASSERTIONS = NO;
				ENABLE_STRICT_OBJC_MSGSEND = YES;
				ENABLE_USER_SCRIPT_SANDBOXING = YES;
				GCC_C_LANGUAGE_STANDARD = gnu17;
				GCC_NO_COMMON_BLOCKS = YES;
				GCC_WARN_64_TO_32_BIT_CONVERSION = YES;
				GCC_WARN_ABOUT_RETURN_TYPE = YES_ERROR;
				GCC_WARN_UNDECLARED_SELECTOR = YES;
				GCC_WARN_UNINITIALIZED_AUTOS = YES_AGGRESSIVE;
				GCC_WARN_UNUSED_FUNCTION = YES;
				GCC_WARN_UNUSED_VARIABLE = YES;
				IPHONEOS_DEPLOYMENT_TARGET = 17.2;
				LOCALIZATION_PREFERS_STRING_CATALOGS = YES;
				MTL_ENABLE_DEBUG_INFO = NO;
				MTL_FAST_MATH = YES;
				SDKROOT = iphoneos;
				SWIFT_COMPILATION_MODE = wholemodule;
				VALIDATE_PRODUCT = YES;
			};
			name = Release;
		};
		35D57E0C2D54789700430AAC /* Debug */ = {
			isa = XCBuildConfiguration;
			buildSettings = {
				ASSETCATALOG_COMPILER_APPICON_NAME = AppIcon;
				ASSETCATALOG_COMPILER_GLOBAL_ACCENT_COLOR_NAME = AccentColor;
				CLANG_ENABLE_MODULES = YES;
				CODE_SIGN_STYLE = Automatic;
				CURRENT_PROJECT_VERSION = 1;
				DEVELOPMENT_ASSET_PATHS = "\"ObservedObjectLeaks/Preview Content\"";
				ENABLE_PREVIEWS = YES;
				GENERATE_INFOPLIST_FILE = YES;
				INFOPLIST_KEY_UIApplicationSceneManifest_Generation = YES;
				INFOPLIST_KEY_UIApplicationSupportsIndirectInputEvents = YES;
				INFOPLIST_KEY_UILaunchScreen_Generation = YES;
				INFOPLIST_KEY_UISupportedInterfaceOrientations_iPad = "UIInterfaceOrientationPortrait UIInterfaceOrientationPortraitUpsideDown UIInterfaceOrientationLandscapeLeft UIInterfaceOrientationLandscapeRight";
				INFOPLIST_KEY_UISupportedInterfaceOrientations_iPhone = "UIInterfaceOrientationPortrait UIInterfaceOrientationLandscapeLeft UIInterfaceOrientationLandscapeRight";
				LD_RUNPATH_SEARCH_PATHS = (
					"$(inherited)",
					"@executable_path/Frameworks",
				);
				MARKETING_VERSION = 1.0;
				PRODUCT_BUNDLE_IDENTIFIER = example.ObservedObjectLeaks;
				PRODUCT_NAME = "$(TARGET_NAME)";
				SWIFT_EMIT_LOC_STRINGS = YES;
				SWIFT_OPTIMIZATION_LEVEL = "-Onone";
				SWIFT_VERSION = 5.0;
				TARGETED_DEVICE_FAMILY = "1,2";
			};
			name = Debug;
		};
		35D57E0D2D54789700430AAC /* Release */ = {
			isa = XCBuildConfiguration;
			buildSettings = {
				ASSETCATALOG_COMPILER_APPICON_NAME = AppIcon;
				ASSETCATALOG_COMPILER_GLOBAL_ACCENT_COLOR_NAME = AccentColor;
				CLANG_ENABLE_MODULES = YES;
				CODE_SIGN_STYLE = Automatic;
				CURRENT_PROJECT_VERSION = 1;
				DEVELOPMENT_ASSET_PATHS = "\"ObservedObjectLeaks/Preview Content\"";
				ENABLE_PREVIEWS = YES;
				GENERATE_INFOPLIST_FILE = YES;
				INFOPLIST_KEY_UIApplicationSceneManifest_Generation = YES;
				INFOPLIST_KEY_UIApplicationSupportsIndirectInputEvents = YES;
				INFOPLIST_KEY_UILaunchScreen_Generation = YES;
				INFOPLIST_KEY_UISupportedInterfaceOrientations_iPad = "UIInterfaceOrientationPortrait UIInterfaceOrientationPortraitUpsideDown UIInterfaceOrientationLandscapeLeft UIInterfaceOrientationLandscapeRight";
				INFOPLIST_KEY_UISupportedInterfaceOrientations_iPhone = "UIInterfaceOrientationPortrait UIInterfaceOrientationLandscapeLeft UIInterfaceOrientationLandscapeRight";
				LD_RUNPATH_SEARCH_PATHS = (
					"$(inherited)",
					"@executable_path/Frameworks",
				);
				MARKETING_VERSION = 1.0;
				PRODUCT_BUNDLE_IDENTIFIER = example.ObservedObjectLeaks;
				PRODUCT_NAME = "$(TARGET_NAME)";
				SWIFT_EMIT_LOC_STRINGS = YES;
				SWIFT_VERSION = 5.0;
				TARGETED_DEVICE_FAMILY = "1,2";
			};
			name = Release;
		};
/* End XCBuildConfiguration section */

/* Begin XCConfigurationList section */
		35D57DF82D54789600430AAC /* Build configuration list for PBXProject "ObservedObjectLeaks" */ = {
			isa = XCConfigurationList;
			buildConfigurations = (
				35D57E092D54789700430AAC /* Debug */,
				35D57E0A2D54789700430AAC /* Release */,
			);
			defaultConfigurationIsVisible = 0;
			defaultConfigurationName = Release;
		};
		35D57E0B2D54789700430AAC /* Build configuration list for PBXNativeTarget "ObservedObjectLeaks" */ = {
			isa = XCConfigurationList;
			buildConfigurations = (
				35D57E0C2D54789700430AAC /* Debug */,
				35D57E0D2D54789700430AAC /* Release */,
			);
			defaultConfigurationIsVisible = 0;
			defaultConfigurationName = Release;
		};
/* End XCConfigurationList section */
	};
	rootObject = 35D57DF52D54789600430AAC /* Project object */;
}
